
Microsoft Visual Studio Solution File, Format Version 12.00
# Visual Studio Version 17
VisualStudioVersion = 17.4.33205.214
MinimumVisualStudioVersion = 10.0.40219.1
Project("{9A19103F-16F7-4668-BE54-9A1E7A4F7556}") = "Flake", "Flake\Flake.csproj", "{2B5E760E-E246-4969-A232-E094F591EF16}"
EndProject
Project("{9A19103F-16F7-4668-BE54-9A1E7A4F7556}") = "Flake.Tests", "Flake.Tests\Flake.Tests.csproj", "{8969A341-1C78-41FB-A3F5-22E768EFF1CE}"
EndProject
Project("{9A19103F-16F7-4668-BE54-9A1E7A4F7556}") = "_build", "build\_build.csproj", "{47B66F76-8EC0-4333-8CE4-F84119A5E42C}"
EndProject
Project("{2150E333-8FDC-42A3-9474-1A3956D46DE8}") = "Solution Items", "Solution Items", "{789CAD50-D70E-4A81-9E46-9901603E2760}"
	ProjectSection(SolutionItems) = preProject
		.github\workflows\build.yml = .github\workflows\build.yml
		Directory.Build.props = Directory.Build.props
		Directory.Packages.props = Directory.Packages.props
	EndProjectSection
EndProject
Global
	GlobalSection(SolutionConfigurationPlatforms) = preSolution
		Debug|Any CPU = Debug|Any CPU
		Release|Any CPU = Release|Any CPU
	EndGlobalSection
	GlobalSection(ProjectConfigurationPlatforms) = postSolution
		{2B5E760E-E246-4969-A232-E094F591EF16}.Debug|Any CPU.ActiveCfg = Debug|Any CPU
		{2B5E760E-E246-4969-A232-E094F591EF16}.Debug|Any CPU.Build.0 = Debug|Any CPU
		{2B5E760E-E246-4969-A232-E094F591EF16}.Release|Any CPU.ActiveCfg = Release|Any CPU
		{2B5E760E-E246-4969-A232-E094F591EF16}.Release|Any CPU.Build.0 = Release|Any CPU
		{8969A341-1C78-41FB-A3F5-22E768EFF1CE}.Debug|Any CPU.ActiveCfg = Debug|Any CPU
		{8969A341-1C78-41FB-A3F5-22E768EFF1CE}.Debug|Any CPU.Build.0 = Debug|Any CPU
		{8969A341-1C78-41FB-A3F5-22E768EFF1CE}.Release|Any CPU.ActiveCfg = Release|Any CPU
		{8969A341-1C78-41FB-A3F5-22E768EFF1CE}.Release|Any CPU.Build.0 = Release|Any CPU
		{47B66F76-8EC0-4333-8CE4-F84119A5E42C}.Debug|Any CPU.ActiveCfg = Debug|Any CPU
		{47B66F76-8EC0-4333-8CE4-F84119A5E42C}.Release|Any CPU.ActiveCfg = Release|Any CPU
	EndGlobalSection
	GlobalSection(SolutionProperties) = preSolution
		HideSolutionNode = FALSE
	EndGlobalSection
	GlobalSection(ExtensibilityGlobals) = postSolution
		SolutionGuid = {6365335A-2F35-4162-A089-1D76684706C3}
	EndGlobalSection
EndGlobal
