<Solution>
  <Folder Name="/Solution Items/">
    <File Path=".github/workflows/build.yml" />
    <File Path="Directory.Build.props" />
    <File Path="Directory.Packages.props" />
    <File Path="global.json" />
  </Folder>
  <Project Path="build/_build.csproj">
    <Build Project="false" />
  </Project>
  <Project Path="Flake.Tests/Flake.Tests.csproj" />
  <Project Path="Flake.TTests/Flake.TTests.csproj" />
  <Project Path="Flake/Flake.csproj" />
</Solution>
