
Microsoft Visual Studio Solution File, Format Version 12.00
# Visual Studio 15
VisualStudioVersion = 15.0.27703.2035
MinimumVisualStudioVersion = 10.0.40219.1
Project("{FAE04EC0-301F-11D3-BF4B-00C04F79EFBC}") = "Flake", "Flake\Flake.csproj", "{2B5E760E-E246-4969-A232-E094F591EF16}"
EndProject
Project("{FAE04EC0-301F-11D3-BF4B-00C04F79EFBC}") = "Flake.Tests", "Flake.Tests\Flake.Tests.csproj", "{8969A341-1C78-41FB-A3F5-22E768EFF1CE}"
EndProject
Global
	GlobalSection(SolutionConfigurationPlatforms) = preSolution
		Debug|Any CPU = Debug|Any CPU
		Release|Any CPU = Release|Any CPU
	EndGlobalSection
	GlobalSection(ProjectConfigurationPlatforms) = postSolution
		{2B5E760E-E246-4969-A232-E094F591EF16}.Debug|Any CPU.ActiveCfg = Debug|Any CPU
		{2B5E760E-E246-4969-A232-E094F591EF16}.Debug|Any CPU.Build.0 = Debug|Any CPU
		{2B5E760E-E246-4969-A232-E094F591EF16}.Release|Any CPU.ActiveCfg = Release|Any CPU
		{2B5E760E-E246-4969-A232-E094F591EF16}.Release|Any CPU.Build.0 = Release|Any CPU
		{8969A341-1C78-41FB-A3F5-22E768EFF1CE}.Debug|Any CPU.ActiveCfg = Debug|Any CPU
		{8969A341-1C78-41FB-A3F5-22E768EFF1CE}.Debug|Any CPU.Build.0 = Debug|Any CPU
		{8969A341-1C78-41FB-A3F5-22E768EFF1CE}.Release|Any CPU.ActiveCfg = Release|Any CPU
		{8969A341-1C78-41FB-A3F5-22E768EFF1CE}.Release|Any CPU.Build.0 = Release|Any CPU
	EndGlobalSection
	GlobalSection(SolutionProperties) = preSolution
		HideSolutionNode = FALSE
	EndGlobalSection
	GlobalSection(ExtensibilityGlobals) = postSolution
		SolutionGuid = {6365335A-2F35-4162-A089-1D76684706C3}
	EndGlobalSection
EndGlobal
